
Microsoft Visual Studio Solution File, Format Version 12.00
# Visual Studio 15
VisualStudioVersion = 15.0.28307.1231
MinimumVisualStudioVersion = 10.0.40219.1
Project("{FAE04EC0-301F-11D3-BF4B-00C04F79EFBC}") = "BoardGames", "BoardGames\BoardGames.csproj", "{B9087C15-3235-47E5-B765-C9855971BFA0}"
EndProject
Project("{FAE04EC0-301F-11D3-BF4B-00C04F79EFBC}") = "BoardGameTester", "BoardGameTester\BoardGameTester.csproj", "{59D2808E-D930-4276-9969-14A4DE8C51E6}"
EndProject
Global
	GlobalSection(SolutionConfigurationPlatforms) = preSolution
		Debug|Any CPU = Debug|Any CPU
		Release|Any CPU = Release|Any CPU
	EndGlobalSection
	GlobalSection(ProjectConfigurationPlatforms) = postSolution
		{B9087C15-3235-47E5-B765-C9855971BFA0}.Debug|Any CPU.ActiveCfg = Debug|Any CPU
		{B9087C15-3235-47E5-B765-C9855971BFA0}.Debug|Any CPU.Build.0 = Debug|Any CPU
		{B9087C15-3235-47E5-B765-C9855971BFA0}.Release|Any CPU.ActiveCfg = Release|Any CPU
		{B9087C15-3235-47E5-B765-C9855971BFA0}.Release|Any CPU.Build.0 = Release|Any CPU
		{59D2808E-D930-4276-9969-14A4DE8C51E6}.Debug|Any CPU.ActiveCfg = Debug|Any CPU
		{59D2808E-D930-4276-9969-14A4DE8C51E6}.Debug|Any CPU.Build.0 = Debug|Any CPU
		{59D2808E-D930-4276-9969-14A4DE8C51E6}.Release|Any CPU.ActiveCfg = Release|Any CPU
		{59D2808E-D930-4276-9969-14A4DE8C51E6}.Release|Any CPU.Build.0 = Release|Any CPU
	EndGlobalSection
	GlobalSection(SolutionProperties) = preSolution
		HideSolutionNode = FALSE
	EndGlobalSection
	GlobalSection(ExtensibilityGlobals) = postSolution
		SolutionGuid = {ACB95F02-C857-4AAF-BA8D-59B05619391D}
	EndGlobalSection
EndGlobal
